
Microsoft Visual Studio Solution File, Format Version 12.00
# Visual Studio Version 17
VisualStudioVersion = 17.14.36121.58
MinimumVisualStudioVersion = 10.0.40219.1
Project("{FAE04EC0-301F-11D3-BF4B-00C04F79EFBC}") = "PourfectApp", "PourfectApp\PourfectApp.csproj", "{0B29AEA6-F9A6-47BF-B8E2-96736C00B75A}"
EndProject
Global
	GlobalSection(SolutionConfigurationPlatforms) = preSolution
		Debug|Any CPU = Debug|Any CPU
		Release|Any CPU = Release|Any CPU
	EndGlobalSection
	GlobalSection(ProjectConfigurationPlatforms) = postSolution
		{0B29AEA6-F9A6-47BF-B8E2-96736C00B75A}.Debug|Any CPU.ActiveCfg = Debug|Any CPU
		{0B29AEA6-F9A6-47BF-B8E2-96736C00B75A}.Debug|Any CPU.Build.0 = Debug|Any CPU
		{0B29AEA6-F9A6-47BF-B8E2-96736C00B75A}.Debug|Any CPU.Deploy.0 = Debug|Any CPU
		{0B29AEA6-F9A6-47BF-B8E2-96736C00B75A}.Release|Any CPU.ActiveCfg = Release|Any CPU
		{0B29AEA6-F9A6-47BF-B8E2-96736C00B75A}.Release|Any CPU.Build.0 = Release|Any CPU
		{0B29AEA6-F9A6-47BF-B8E2-96736C00B75A}.Release|Any CPU.Deploy.0 = Release|Any CPU
	EndGlobalSection
	GlobalSection(SolutionProperties) = preSolution
		HideSolutionNode = FALSE
	EndGlobalSection
	GlobalSection(ExtensibilityGlobals) = postSolution
		SolutionGuid = {F9E95F51-BAEA-4489-B265-0223D8E3D7CE}
	EndGlobalSection
EndGlobal
